
Microsoft Visual Studio Solution File, Format Version 12.00
# Visual Studio Version 17
VisualStudioVersion = 17.5.33516.290
MinimumVisualStudioVersion = 10.0.40219.1
Project("{FAE04EC0-301F-11D3-BF4B-00C04F79EFBC}") = "2_Serialization", "2_Serialization\2_Serialization.csproj", "{81A26E49-EE00-49D6-8A7B-1493ED06B43F}"
EndProject
Project("{FAE04EC0-301F-11D3-BF4B-00C04F79EFBC}") = "1_Attributes", "1_Attributes\1_Attributes.csproj", "{807F7F01-98E1-40E3-A2CA-8364696EC088}"
EndProject
Global
	GlobalSection(SolutionConfigurationPlatforms) = preSolution
		Debug|Any CPU = Debug|Any CPU
		Release|Any CPU = Release|Any CPU
	EndGlobalSection
	GlobalSection(ProjectConfigurationPlatforms) = postSolution
		{81A26E49-EE00-49D6-8A7B-1493ED06B43F}.Debug|Any CPU.ActiveCfg = Debug|Any CPU
		{81A26E49-EE00-49D6-8A7B-1493ED06B43F}.Debug|Any CPU.Build.0 = Debug|Any CPU
		{81A26E49-EE00-49D6-8A7B-1493ED06B43F}.Release|Any CPU.ActiveCfg = Release|Any CPU
		{81A26E49-EE00-49D6-8A7B-1493ED06B43F}.Release|Any CPU.Build.0 = Release|Any CPU
		{807F7F01-98E1-40E3-A2CA-8364696EC088}.Debug|Any CPU.ActiveCfg = Debug|Any CPU
		{807F7F01-98E1-40E3-A2CA-8364696EC088}.Debug|Any CPU.Build.0 = Debug|Any CPU
		{807F7F01-98E1-40E3-A2CA-8364696EC088}.Release|Any CPU.ActiveCfg = Release|Any CPU
		{807F7F01-98E1-40E3-A2CA-8364696EC088}.Release|Any CPU.Build.0 = Release|Any CPU
	EndGlobalSection
	GlobalSection(SolutionProperties) = preSolution
		HideSolutionNode = FALSE
	EndGlobalSection
	GlobalSection(ExtensibilityGlobals) = postSolution
		SolutionGuid = {24A10E90-7A73-4F19-9D4B-40E866DDBFFA}
	EndGlobalSection
EndGlobal
